{
  "name": "dsh-open-code-review",
  "version": "0.1.1",
  "lockfileVersion": 3,
  "requires": true,
  "packages": {
    "": {
      "name": "dsh-open-code-review",
      "version": "0.1.1",
      "license": "Apache-2.0",
      "dependencies": {
        "@alibaba-group/open-code-review": "1.12.10"
      },
      "devDependencies": {
        "@deepseek-ai/cordis": "4.0.4",
        "@deepseek-ai/cordis-plugin-loader": "1.0.5",
        "@deepseek-ai/dsh-sandbox-local": "0.2.0-rc.2",
        "@deepseek-ai/dsh-sandbox-policy": "0.2.0-rc.2",
        "@deepseek-ai/dsh-skill": "0.2.0-rc.2",
        "@deepseek-ai/dsh-subprocess-local": "0.2.0-rc.2",
        "@deepseek-ai/dsh-system-prompt": "0.2.0-rc.2",
        "@deepseek-ai/dsh-tools": "0.2.0-rc.2",
        "@deepseek-ai/schemastery": "3.18.4",
        "js-yaml": "^4.1.0"
      },
      "engines": {
        "dsh": "0.1.7-rc.2 || 0.2.0-rc.2",
        "node": ">=22"
      },
      "peerDependencies": {
        "@deepseek-ai/cordis": "~4.0.4",
        "@deepseek-ai/dsh-sandbox": "0.1.7-rc.2 || 0.2.0-rc.2",
        "@deepseek-ai/dsh-sandbox-policy": "0.1.7-rc.2 || 0.2.0-rc.2",
        "@deepseek-ai/dsh-skill": "0.1.7-rc.2 || 0.2.0-rc.2",
        "@deepseek-ai/dsh-subprocess": "0.1.7-rc.2 || 0.2.0-rc.2",
        "@deepseek-ai/dsh-tools": "0.1.7-rc.2 || 0.2.0-rc.2",
        "@deepseek-ai/schemastery": "~3.18.4"
      },
      "peerDependenciesMeta": {
        "@deepseek-ai/cordis": {
          "optional": true
        },
        "@deepseek-ai/dsh-sandbox": {
          "optional": true
        },
        "@deepseek-ai/dsh-sandbox-policy": {
          "optional": true
        },
        "@deepseek-ai/dsh-skill": {
          "optional": true
        },
        "@deepseek-ai/dsh-subprocess": {
          "optional": true
        },
        "@deepseek-ai/dsh-tools": {
          "optional": true
        },
        "@deepseek-ai/schemastery": {
          "optional": true
        }
      }
    },
    "node_modules/@alibaba-group/ocr-darwin-arm64": {
      "version": "1.12.10",
      "resolved": "https://registry.npmjs.org/@alibaba-group/ocr-darwin-arm64/-/ocr-darwin-arm64-1.12.10.tgz",
      "integrity": "sha512-/qf33rR83Mmm6lPZtr5H8DS6mCnF+aUTGVDPSKtlB4Me9NcDjQpJcSBg8oYLKUGY5FjfQ5+/Kt5e++R/n6GstA==",
      "cpu": [
        "arm64"
      ],
      "license": "Apache-2.0",
      "optional": true,
      "os": [
        "darwin"
      ]
    },
    "node_modules/@alibaba-group/ocr-darwin-x64": {
      "version": "1.12.10",
      "resolved": "https://registry.npmjs.org/@alibaba-group/ocr-darwin-x64/-/ocr-darwin-x64-1.12.10.tgz",
      "integrity": "sha512-Xg+CM18VVD85lZJtTwGzTMiTBocpWpPQhZziHxFQWTZsM/skLhNsNbBv8KmZrN8arcpkvNohlQGmDatYMAAkdw==",
      "cpu": [
        "x64"
      ],
      "license": "Apache-2.0",
      "optional": true,
      "os": [
        "darwin"
      ]
    },
    "node_modules/@alibaba-group/ocr-linux-arm64": {
      "version": "1.12.10",
      "resolved": "https://registry.npmjs.org/@alibaba-group/ocr-linux-arm64/-/ocr-linux-arm64-1.12.10.tgz",
      "integrity": "sha512-xnxkGKDmfRus6hdsDJv9huP+5oAc8QQqPFDaWwyUZrHAlHtN6Q0K71VKSMCvWvLtviBbiOXqNxDxifHSw3rzpg==",
      "cpu": [
        "arm64"
      ],
      "license": "Apache-2.0",
      "optional": true,
      "os": [
        "linux"
      ]
    },
    "node_modules/@alibaba-group/ocr-linux-x64": {
      "version": "1.12.10",
      "resolved": "https://registry.npmjs.org/@alibaba-group/ocr-linux-x64/-/ocr-linux-x64-1.12.10.tgz",
      "integrity": "sha512-Y8o/HGFqbH/+M35o5DcoXOnTUcNYHWXkFHSBNiB2cAJy4mtCSFqz1ThOPAAF8miBuaQmOQhbJyCP5OeG+Ej9Ag==",
      "cpu": [
        "x64"
      ],
      "license": "Apache-2.0",
      "optional": true,
      "os": [
        "linux"
      ]
    },
    "node_modules/@alibaba-group/ocr-win32-arm64": {
      "version": "1.12.10",
      "resolved": "https://registry.npmjs.org/@alibaba-group/ocr-win32-arm64/-/ocr-win32-arm64-1.12.10.tgz",
      "integrity": "sha512-fABUunVYj6Z1rNdFpNncUZ7OYIDxBeCNnzyN8i08FpiL+vrE3uWUZNaMtTOk6+zoIoaThOF25TMYlFjXZSE9Lg==",
      "cpu": [
        "arm64"
      ],
      "license": "Apache-2.0",
      "optional": true,
      "os": [
        "win32"
      ]
    },
    "node_modules/@alibaba-group/ocr-win32-x64": {
      "version": "1.12.10",
      "resolved": "https://registry.npmjs.org/@alibaba-group/ocr-win32-x64/-/ocr-win32-x64-1.12.10.tgz",
      "integrity": "sha512-ZtZSCEP/7BCvxq5VQsH3/uUrWhxEOIJTAAapiXL4tlCf8QqEyj5v5WmuMf9wo+hwHjx/9sluKViRr957GZeGEg==",
      "cpu": [
        "x64"
      ],
      "license": "Apache-2.0",
      "optional": true,
      "os": [
        "win32"
      ]
    },
    "node_modules/@alibaba-group/open-code-review": {
      "version": "1.12.10",
      "resolved": "https://registry.npmjs.org/@alibaba-group/open-code-review/-/open-code-review-1.12.10.tgz",
      "integrity": "sha512-z8k+UcoZDKaZEqxAbW1LcHkl4nf1mbagYnK8G0/V+F9KoyafWPX9LEm1yAXEKlsWIB0dWd6+tIDOgwnRaRUt7w==",
      "hasInstallScript": true,
      "license": "Apache-2.0",
      "bin": {
        "ocr": "bin/ocr.js"
      },
      "engines": {
        "node": ">=14"
      },
      "optionalDependencies": {
        "@alibaba-group/ocr-darwin-arm64": "1.12.10",
        "@alibaba-group/ocr-darwin-x64": "1.12.10",
        "@alibaba-group/ocr-linux-arm64": "1.12.10",
        "@alibaba-group/ocr-linux-x64": "1.12.10",
        "@alibaba-group/ocr-win32-arm64": "1.12.10",
        "@alibaba-group/ocr-win32-x64": "1.12.10"
      }
    },
    "node_modules/@deepseek-ai/cordis": {
      "version": "4.0.4",
      "resolved": "https://registry.npmjs.org/@deepseek-ai/cordis/-/cordis-4.0.4.tgz",
      "integrity": "sha512-obgyxqWAmFn3Re8kvsuUnyW+ihrz6eJCnJO4fh1cQzDtmPYz/zzVeUkH9R94I0OwSVOocK67Kgakm04j/oQXzg==",
      "devOptional": true,
      "license": "MIT",
      "dependencies": {
        "@deepseek-ai/cosmokit": "~1.8.5",
        "@standard-schema/spec": "^1.1.0"
      },
      "bin": {
        "cordis": "bin.js"
      },
      "peerDependencies": {
        "@deepseek-ai/cordis-plugin-include": "~1.0.9",
        "@deepseek-ai/cordis-plugin-loader": "~1.0.5"
      },
      "peerDependenciesMeta": {
        "@deepseek-ai/cordis-plugin-include": {
          "optional": true
        },
        "@deepseek-ai/cordis-plugin-loader": {
          "optional": true
        }
      }
    },
    "node_modules/@deepseek-ai/cordis-plugin-loader": {
      "version": "1.0.5",
      "resolved": "https://registry.npmjs.org/@deepseek-ai/cordis-plugin-loader/-/cordis-plugin-loader-1.0.5.tgz",
      "integrity": "sha512-200huL2ttWcjyeYllvPYn+qMR7I89qy8MhZasbHltPzB/KMrSfsyoCYKdCGc5KqPGj5iJugcmibQzjINMO9I+Q==",
      "devOptional": true,
      "license": "MIT",
      "dependencies": {
        "@deepseek-ai/cosmokit": "~1.8.5",
        "@deepseek-ai/schemastery": "~3.18.4"
      },
      "peerDependencies": {
        "@deepseek-ai/cordis": "~4.0.4",
        "node-addon-require-builtin": "^0.1.6"
      },
      "peerDependenciesMeta": {
        "node-addon-require-builtin": {
          "optional": true
        }
      }
    },
    "node_modules/@deepseek-ai/cosmokit": {
      "version": "1.8.5",
      "resolved": "https://registry.npmjs.org/@deepseek-ai/cosmokit/-/cosmokit-1.8.5.tgz",
      "integrity": "sha512-LXsrlem9z8dq4sLflj2yuCuYX7KqhdzF5hZly3eZyuTo8d6oDSOXuEgC5DbQWKW+lksm6zmOutQLsP/ma6wR6A==",
      "devOptional": true,
      "license": "MIT"
    },
    "node_modules/@deepseek-ai/dsh-agent": {
      "version": "0.2.0-rc.2",
      "resolved": "https://registry.npmjs.org/@deepseek-ai/dsh-agent/-/dsh-agent-0.2.0-rc.2.tgz",
      "integrity": "sha512-CUkbU+c1G0ETXkpoLkpAFo5midz66FQGtlgQOP9pzvU9H3zJQVl4H5LrhhGVbEXKLFgdbtQiOynEW8hpWn3y0Q==",
      "dev": true,
      "license": "MIT",
      "peer": true,
      "peerDependencies": {
        "@deepseek-ai/cordis": "~4.0.4",
        "@deepseek-ai/dsh-invariants": "0.2.0-rc.2",
        "@deepseek-ai/dsh-llm": "0.2.0-rc.2",
        "@deepseek-ai/dsh-scope": "0.2.0-rc.2",
        "@deepseek-ai/dsh-session": "0.2.0-rc.2",
        "@deepseek-ai/dsh-session-projection": "0.2.0-rc.2",
        "@deepseek-ai/dsh-system-prompt": "0.2.0-rc.2",
        "@deepseek-ai/dsh-typert-protocol": "0.2.0-rc.2",
        "@deepseek-ai/dsh-util-values": "0.2.0-rc.2",
        "@deepseek-ai/dsh-workspace": "0.2.0-rc.2"
      },
      "peerDependenciesMeta": {
        "@deepseek-ai/dsh-workspace": {
          "optional": true
        }
      }
    },
    "node_modules/@deepseek-ai/dsh-brand": {
      "version": "0.2.0-rc.2",
      "resolved": "https://registry.npmjs.org/@deepseek-ai/dsh-brand/-/dsh-brand-0.2.0-rc.2.tgz",
      "integrity": "sha512-A5XlN4tIgP0qObkYFhcZ7Oz/tM2oESEZqLwS0Qq+sM1ivGx6o4AMPgJdfKQlwLzqk0cMLNtAaVBHfiYoElt4lw==",
      "devOptional": true,
      "license": "MIT",
      "peerDependencies": {
        "@deepseek-ai/cordis": "~4.0.4"
      }
    },
    "node_modules/@deepseek-ai/dsh-http-proxy": {
      "version": "0.2.0-rc.2",
      "resolved": "https://registry.npmjs.org/@deepseek-ai/dsh-http-proxy/-/dsh-http-proxy-0.2.0-rc.2.tgz",
      "integrity": "sha512-zIGscCHeW6MUIKrksxhW03McWtKKpaDVVMf877bt51ZPP8p4UG8KmBUqJmX2l3eVoHeuuEyqM5zJSCj5NtSBGg==",
      "devOptional": true,
      "license": "MIT",
      "peer": true,
      "dependencies": {
        "undici": "^8.10.0"
      },
      "peerDependencies": {
        "@deepseek-ai/cordis": "~4.0.4"
      }
    },
    "node_modules/@deepseek-ai/dsh-invariants": {
      "version": "0.2.0-rc.2",
      "resolved": "https://registry.npmjs.org/@deepseek-ai/dsh-invariants/-/dsh-invariants-0.2.0-rc.2.tgz",
      "integrity": "sha512-QOVc0HpRsS8ekvprb45FlxieDvgR/cAMaxW289HASjMoV/U/B54FpbkHuPBw4EnTw07/sPkjx2B/23+YqE0cbg==",
      "devOptional": true,
      "license": "MIT",
      "peer": true,
      "dependencies": {
        "@deepseek-ai/schemastery": "~3.18.4"
      },
      "peerDependencies": {
        "@deepseek-ai/cordis": "~4.0.4"
      }
    },
    "node_modules/@deepseek-ai/dsh-lazy-require": {
      "version": "0.2.0-rc.2",
      "resolved": "https://registry.npmjs.org/@deepseek-ai/dsh-lazy-require/-/dsh-lazy-require-0.2.0-rc.2.tgz",
      "integrity": "sha512-t6m+13fe+4veaepjGwNu0BLTtqdrSPq+A/zmOzC+7DXgWCBHJ3IxfW2vUlLviKfviwMI4BqQMPv4wHeuJgYFIw==",
      "dev": true,
      "license": "MIT",
      "peerDependencies": {
        "@deepseek-ai/cordis": "~4.0.4"
      }
    },
    "node_modules/@deepseek-ai/dsh-llm": {
      "version": "0.2.0-rc.2",
      "resolved": "https://registry.npmjs.org/@deepseek-ai/dsh-llm/-/dsh-llm-0.2.0-rc.2.tgz",
      "integrity": "sha512-6QFrQn/h0iNqCfPpgQidnHtLSpA99A7ZND/uYKaGSd/4BGP8KBhuRd0w63e9s4u+hfW8jc3j29WKcNLIOeUfcA==",
      "devOptional": true,
      "license": "MIT",
      "peer": true,
      "dependencies": {
        "@deepseek-ai/dsh-brand": "0.2.0-rc.2",
        "@deepseek-ai/dsh-timeout": "0.2.0-rc.2",
        "@deepseek-ai/dsh-typert-protocol": "0.2.0-rc.2",
        "@deepseek-ai/dsh-util-crypto": "0.2.0-rc.2",
        "@deepseek-ai/dsh-util-values": "0.2.0-rc.2",
        "@deepseek-ai/schemastery": "~3.18.4",
        "zod": "^4.4.3"
      },
      "peerDependencies": {
        "@deepseek-ai/cordis": "~4.0.4"
      }
    },
    "node_modules/@deepseek-ai/dsh-ptc-runtime": {
      "version": "0.2.0-rc.2",
      "resolved": "https://registry.npmjs.org/@deepseek-ai/dsh-ptc-runtime/-/dsh-ptc-runtime-0.2.0-rc.2.tgz",
      "integrity": "sha512-HR/3h1VFRcNlAAjCtCAxZ4V3F5pViYicXcLBuYLGjzXWpOhr4zKzeFKh9+UMLjsc9XWIarJMoSvxl662nDV/xQ==",
      "dev": true,
      "license": "MIT",
      "peer": true,
      "peerDependencies": {
        "@deepseek-ai/cordis": "~4.0.4",
        "@deepseek-ai/dsh-sandbox": "0.2.0-rc.2"
      }
    },
    "node_modules/@deepseek-ai/dsh-sandbox": {
      "version": "0.2.0-rc.2",
      "resolved": "https://registry.npmjs.org/@deepseek-ai/dsh-sandbox/-/dsh-sandbox-0.2.0-rc.2.tgz",
      "integrity": "sha512-luKF7ey6HRZkGhImqLCB5Npt4f4omDRk1r+x5qQNqqdNOuN9LXciKDMNPfnSbHfKCcqSZbH3sK+APOmKzRAhVA==",
      "devOptional": true,
      "license": "MIT",
      "peer": true,
      "dependencies": {
        "@deepseek-ai/dsh-util-values": "0.2.0-rc.2"
      },
      "peerDependencies": {
        "@deepseek-ai/cordis": "~4.0.4",
        "@deepseek-ai/dsh-llm": "0.2.0-rc.2",
        "@deepseek-ai/dsh-session": "0.2.0-rc.2"
      }
    },
    "node_modules/@deepseek-ai/dsh-sandbox-local": {
      "version": "0.2.0-rc.2",
      "resolved": "https://registry.npmjs.org/@deepseek-ai/dsh-sandbox-local/-/dsh-sandbox-local-0.2.0-rc.2.tgz",
      "integrity": "sha512-fM1QtkRxeQ498isBeotl0lW+oK/GS0G63cBNvwJJn6686Qzdl+gqwTDPS61L8pFzxRnqhqcXFxzu2tIV3o2zbg==",
      "dev": true,
      "license": "MIT",
      "dependencies": {
        "@deepseek-ai/dsh-sandbox-windows-acl": "0.2.0-rc.2",
        "@deepseek-ai/dsh-util-values": "0.2.0-rc.2",
        "@deepseek-ai/node-addon-system": "~0.1.2",
        "@deepseek-ai/schemastery": "~3.18.4"
      },
      "peerDependencies": {
        "@deepseek-ai/cordis": "~4.0.4",
        "@deepseek-ai/dsh-llm": "0.2.0-rc.2",
        "@deepseek-ai/dsh-sandbox": "0.2.0-rc.2",
        "@deepseek-ai/dsh-session": "0.2.0-rc.2"
      }
    },
    "node_modules/@deepseek-ai/dsh-sandbox-policy": {
      "version": "0.2.0-rc.2",
      "resolved": "https://registry.npmjs.org/@deepseek-ai/dsh-sandbox-policy/-/dsh-sandbox-policy-0.2.0-rc.2.tgz",
      "integrity": "sha512-0xXVqWw908/V6scohMyyU9SZSiQJYji+S1hMPulcUNLb3iew89d+WPWMIkWQBJRvcJzdQ2ghHwCESRkONXTJnQ==",
      "dev": true,
      "license": "MIT",
      "dependencies": {
        "@deepseek-ai/schemastery": "~3.18.4",
        "zod": "^4.4.3"
      },
      "peerDependencies": {
        "@deepseek-ai/cordis": "~4.0.4",
        "@deepseek-ai/dsh-agent": "0.2.0-rc.2",
        "@deepseek-ai/dsh-invariants": "0.2.0-rc.2",
        "@deepseek-ai/dsh-sandbox": "0.2.0-rc.2",
        "@deepseek-ai/dsh-session": "0.2.0-rc.2",
        "@deepseek-ai/dsh-session-projection": "0.2.0-rc.2",
        "@deepseek-ai/dsh-system-prompt": "0.2.0-rc.2"
      }
    },
    "node_modules/@deepseek-ai/dsh-sandbox-windows-acl": {
      "version": "0.2.0-rc.2",
      "resolved": "https://registry.npmjs.org/@deepseek-ai/dsh-sandbox-windows-acl/-/dsh-sandbox-windows-acl-0.2.0-rc.2.tgz",
      "integrity": "sha512-z8blR3g/lIfWd2zR/GjEitXdysNU8NOcPZdILuxoSodBDpkPmKQOHYaH7nzjB1a/S5TxMADgPE1UDXsmJ0zfTA==",
      "dev": true,
      "license": "MIT",
      "dependencies": {
        "@deepseek-ai/dsh-lazy-require": "0.2.0-rc.2",
        "@deepseek-ai/dsh-win32-process": "0.2.0-rc.2",
        "koffi": "3.1.1",
        "yaml": "^2.4.2"
      },
      "peerDependencies": {
        "@deepseek-ai/cordis": "~4.0.4",
        "@deepseek-ai/dsh-skill": "0.2.0-rc.2",
        "@deepseek-ai/dsh-subprocess": "0.2.0-rc.2"
      }
    },
    "node_modules/@deepseek-ai/dsh-scope": {
      "version": "0.2.0-rc.2",
      "resolved": "https://registry.npmjs.org/@deepseek-ai/dsh-scope/-/dsh-scope-0.2.0-rc.2.tgz",
      "integrity": "sha512-066p7Wv74GNWt4xA5Cyvl+7c/i9KrNEDALYh2/hu0VsJPLb4T9He+TY7y1bld9OgungmqyTy1n/cB2ZrVskvxA==",
      "devOptional": true,
      "license": "MIT",
      "peer": true,
      "peerDependencies": {
        "@deepseek-ai/cordis": "~4.0.4",
        "@deepseek-ai/dsh-invariants": "0.2.0-rc.2"
      }
    },
    "node_modules/@deepseek-ai/dsh-session": {
      "version": "0.2.0-rc.2",
      "resolved": "https://registry.npmjs.org/@deepseek-ai/dsh-session/-/dsh-session-0.2.0-rc.2.tgz",
      "integrity": "sha512-wj+6MeqCYbDcbEvKH3puHyEGdjyu51JwBoN6Ua2tz6griLufDgLM5HpSU40L5xgpbOfrYVhXZs4vRgOrMlFY2g==",
      "devOptional": true,
      "license": "MIT",
      "peer": true,
      "dependencies": {
        "@deepseek-ai/dsh-brand": "0.2.0-rc.2",
        "@deepseek-ai/dsh-llm": "0.2.0-rc.2",
        "@deepseek-ai/dsh-util-values": "0.2.0-rc.2"
      },
      "peerDependencies": {
        "@deepseek-ai/cordis": "~4.0.4",
        "@deepseek-ai/dsh-scope": "0.2.0-rc.2"
      }
    },
    "node_modules/@deepseek-ai/dsh-session-projection": {
      "version": "0.2.0-rc.2",
      "resolved": "https://registry.npmjs.org/@deepseek-ai/dsh-session-projection/-/dsh-session-projection-0.2.0-rc.2.tgz",
      "integrity": "sha512-caJ+XGjmR8ouws0LrvuXrabrzi21akB2l8CniUHdx4IpT6GkLapFYlWLbjZlDYqEWB3ktR+q32nxW2s+f27GSA==",
      "dev": true,
      "license": "MIT",
      "peer": true,
      "dependencies": {
        "zod": "^4.4.3"
      },
      "peerDependencies": {
        "@deepseek-ai/cordis": "~4.0.4",
        "@deepseek-ai/dsh-session": "0.2.0-rc.2"
      }
    },
    "node_modules/@deepseek-ai/dsh-skill": {
      "version": "0.2.0-rc.2",
      "resolved": "https://registry.npmjs.org/@deepseek-ai/dsh-skill/-/dsh-skill-0.2.0-rc.2.tgz",
      "integrity": "sha512-3QfzZ6qWfESq1TRoVjEfoBRCTONRLU9aLopKpA7hJg/LZ2GqCgMoSvOwJJL+q2Djbs3oiUyC9qJHRnnN6EacIA==",
      "dev": true,
      "license": "MIT",
      "dependencies": {
        "@deepseek-ai/dsh-util-values": "0.2.0-rc.2",
        "@deepseek-ai/schemastery": "~3.18.4"
      },
      "peerDependencies": {
        "@deepseek-ai/cordis": "~4.0.4",
        "@deepseek-ai/dsh-llm": "0.2.0-rc.2",
        "@deepseek-ai/dsh-scope": "0.2.0-rc.2"
      }
    },
    "node_modules/@deepseek-ai/dsh-subprocess": {
      "version": "0.2.0-rc.2",
      "resolved": "https://registry.npmjs.org/@deepseek-ai/dsh-subprocess/-/dsh-subprocess-0.2.0-rc.2.tgz",
      "integrity": "sha512-81ULZG0xg2ZKgrs+R+JY8okUwLp8jjsboR+QsMUMf5WFaJ2PueJ+krbhODB2enLx3MUyMX/wR6msnzi14ZNSAA==",
      "devOptional": true,
      "license": "MIT",
      "peer": true,
      "peerDependencies": {
        "@deepseek-ai/cordis": "~4.0.4",
        "@deepseek-ai/dsh-http-proxy": "0.2.0-rc.2"
      }
    },
    "node_modules/@deepseek-ai/dsh-subprocess-local": {
      "version": "0.2.0-rc.2",
      "resolved": "https://registry.npmjs.org/@deepseek-ai/dsh-subprocess-local/-/dsh-subprocess-local-0.2.0-rc.2.tgz",
      "integrity": "sha512-RKEhReGv6bAOHNeMd9kBwY1mQSuhm0OEiK+wnXkOD8CvesYaYXNUmtoIf9VJdrRhG5DF35gVNQAN79Si9d/BHw==",
      "dev": true,
      "hasInstallScript": true,
      "license": "MIT",
      "dependencies": {
        "@deepseek-ai/dsh-lazy-require": "0.2.0-rc.2",
        "@deepseek-ai/dsh-win32-process": "0.2.0-rc.2",
        "koffi": "3.1.1",
        "node-pty": "1.2.0-beta.15"
      },
      "peerDependencies": {
        "@deepseek-ai/cordis": "~4.0.4",
        "@deepseek-ai/dsh-subprocess": "0.2.0-rc.2",
        "@deepseek-ai/dsh-timeout": "0.2.0-rc.2"
      }
    },
    "node_modules/@deepseek-ai/dsh-system-prompt": {
      "version": "0.2.0-rc.2",
      "resolved": "https://registry.npmjs.org/@deepseek-ai/dsh-system-prompt/-/dsh-system-prompt-0.2.0-rc.2.tgz",
      "integrity": "sha512-ZZNk2gkXFV8CIT0IOZXS+pFaxNVJaRknYyH2vc4ZgZAiHKT+RqUYNr8e1F5Kp0AaN0DNlcTkjOGP5MCxeXfDjg==",
      "dev": true,
      "license": "MIT",
      "dependencies": {
        "@deepseek-ai/schemastery": "~3.18.4"
      },
      "peerDependencies": {
        "@deepseek-ai/cordis": "~4.0.4",
        "@deepseek-ai/dsh-invariants": "0.2.0-rc.2",
        "@deepseek-ai/dsh-llm": "0.2.0-rc.2",
        "@deepseek-ai/dsh-scope": "0.2.0-rc.2"
      }
    },
    "node_modules/@deepseek-ai/dsh-timeout": {
      "version": "0.2.0-rc.2",
      "resolved": "https://registry.npmjs.org/@deepseek-ai/dsh-timeout/-/dsh-timeout-0.2.0-rc.2.tgz",
      "integrity": "sha512-NDob8b8DJDB/sDPz3P7xhrkxOh1O9FbN1EZRKsxP4fuTfp4hrQU7aekYS5qZENFKoR8dBJMTh/zcEBw4m31glQ==",
      "devOptional": true,
      "license": "MIT",
      "peer": true,
      "peerDependencies": {
        "@deepseek-ai/cordis": "~4.0.4"
      }
    },
    "node_modules/@deepseek-ai/dsh-tools": {
      "version": "0.2.0-rc.2",
      "resolved": "https://registry.npmjs.org/@deepseek-ai/dsh-tools/-/dsh-tools-0.2.0-rc.2.tgz",
      "integrity": "sha512-vquUz8PjHWE4zaS3wH70IpYjL441p2UlUcG8TN2yJZN1RhDkuiHum4bWCsjEPyWLS/aB1QJvzdXC2EK/PRkbsQ==",
      "dev": true,
      "license": "MIT",
      "dependencies": {
        "@deepseek-ai/dsh-brand": "0.2.0-rc.2",
        "@deepseek-ai/dsh-util-values": "0.2.0-rc.2",
        "@deepseek-ai/schemastery": "~3.18.4"
      },
      "peerDependencies": {
        "@deepseek-ai/cordis": "~4.0.4",
        "@deepseek-ai/dsh-agent": "0.2.0-rc.2",
        "@deepseek-ai/dsh-invariants": "0.2.0-rc.2",
        "@deepseek-ai/dsh-llm": "0.2.0-rc.2",
        "@deepseek-ai/dsh-ptc-runtime": "0.2.0-rc.2",
        "@deepseek-ai/dsh-sandbox": "0.2.0-rc.2",
        "@deepseek-ai/dsh-sandbox-policy": "0.2.0-rc.2",
        "@deepseek-ai/dsh-scope": "0.2.0-rc.2",
        "@deepseek-ai/dsh-session": "0.2.0-rc.2",
        "@deepseek-ai/dsh-system-prompt": "0.2.0-rc.2",
        "@deepseek-ai/dsh-user-approval": "0.2.0-rc.2"
      }
    },
    "node_modules/@deepseek-ai/dsh-typert-protocol": {
      "version": "0.2.0-rc.2",
      "resolved": "https://registry.npmjs.org/@deepseek-ai/dsh-typert-protocol/-/dsh-typert-protocol-0.2.0-rc.2.tgz",
      "integrity": "sha512-95RvIDcVac2BWdv1IxN6yKlRV+8eEvkofqSxV+d0r8x1kx2EIWEsbdxz6C+coYIm+8e03MiN+rwOt8J7sLfe7Q==",
      "devOptional": true,
      "license": "MIT",
      "peer": true,
      "dependencies": {
        "@deepseek-ai/dsh-brand": "0.2.0-rc.2"
      },
      "peerDependencies": {
        "@deepseek-ai/cordis": "~4.0.4"
      }
    },
    "node_modules/@deepseek-ai/dsh-user-approval": {
      "version": "0.2.0-rc.2",
      "resolved": "https://registry.npmjs.org/@deepseek-ai/dsh-user-approval/-/dsh-user-approval-0.2.0-rc.2.tgz",
      "integrity": "sha512-fZMfDp4IeWZMwAKEQkuAYCiGRrwoVWNObvAbpdmQNUavjfYCtwwduWqYQz+5lMQq8vENdczBj7cxnO/pOQ1oZQ==",
      "dev": true,
      "license": "MIT",
      "peer": true,
      "dependencies": {
        "@deepseek-ai/schemastery": "~3.18.4"
      },
      "peerDependencies": {
        "@deepseek-ai/cordis": "~4.0.4",
        "@deepseek-ai/dsh-agent": "0.2.0-rc.2",
        "@deepseek-ai/dsh-brand": "0.2.0-rc.2",
        "@deepseek-ai/dsh-invariants": "0.2.0-rc.2",
        "@deepseek-ai/dsh-llm": "0.2.0-rc.2",
        "@deepseek-ai/dsh-scope": "0.2.0-rc.2",
        "@deepseek-ai/dsh-session": "0.2.0-rc.2",
        "@deepseek-ai/dsh-system-prompt": "0.2.0-rc.2"
      }
    },
    "node_modules/@deepseek-ai/dsh-util-crypto": {
      "version": "0.2.0-rc.2",
      "resolved": "https://registry.npmjs.org/@deepseek-ai/dsh-util-crypto/-/dsh-util-crypto-0.2.0-rc.2.tgz",
      "integrity": "sha512-5OvvmepY69uXTagUMlnoHqg7euI4ZMifLgfdV8xZO20OslWGGiRCkJbZRyDtcJG9GsXWz9UimfWmUu52zKXJ5w==",
      "devOptional": true,
      "license": "MIT",
      "peer": true,
      "peerDependencies": {
        "@deepseek-ai/cordis": "~4.0.4"
      }
    },
    "node_modules/@deepseek-ai/dsh-util-values": {
      "version": "0.2.0-rc.2",
      "resolved": "https://registry.npmjs.org/@deepseek-ai/dsh-util-values/-/dsh-util-values-0.2.0-rc.2.tgz",
      "integrity": "sha512-qgpsbgiZABuE9UvgNaVo9b2HiWwLeU93CTl9PFXqE0jN8ap1ALxzQsLGvr/q2MJuWDYqnFBg60XnqnY8ZxPWEg==",
      "devOptional": true,
      "license": "MIT",
      "peerDependencies": {
        "@deepseek-ai/cordis": "~4.0.4"
      }
    },
    "node_modules/@deepseek-ai/dsh-win32-process": {
      "version": "0.2.0-rc.2",
      "resolved": "https://registry.npmjs.org/@deepseek-ai/dsh-win32-process/-/dsh-win32-process-0.2.0-rc.2.tgz",
      "integrity": "sha512-MzzPCWqGFnLe0eiTNrdsy5qGprXV9K2U31D6W8XuyQ/5RVG4dLyI1xiXRnc+cqq8SASgxh0D/hM4wy+I6qNkRQ==",
      "dev": true,
      "license": "MIT",
      "dependencies": {
        "@deepseek-ai/dsh-lazy-require": "0.2.0-rc.2",
        "koffi": "3.1.1"
      },
      "peerDependencies": {
        "@deepseek-ai/cordis": "~4.0.4"
      }
    },
    "node_modules/@deepseek-ai/node-addon-system": {
      "version": "0.1.2",
      "resolved": "https://registry.npmjs.org/@deepseek-ai/node-addon-system/-/node-addon-system-0.1.2.tgz",
      "integrity": "sha512-EFn8K+mXIXiw6s3rxX+cgp2hZTEAQdVIsURhrXnBxycSXvtQ1EQpsSVzoNKtKAQI0I0VqkEcVEjHzS/PeaGsvw==",
      "dev": true,
      "license": "BSD-3-Clause",
      "engines": {
        "node": ">=20"
      },
      "optionalDependencies": {
        "@deepseek-ai/node-addon-system-darwin-arm64": "0.1.2",
        "@deepseek-ai/node-addon-system-darwin-x64": "0.1.2",
        "@deepseek-ai/node-addon-system-linux-arm64": "0.1.2",
        "@deepseek-ai/node-addon-system-linux-x64": "0.1.2"
      }
    },
    "node_modules/@deepseek-ai/node-addon-system-darwin-arm64": {
      "version": "0.1.2",
      "resolved": "https://registry.npmjs.org/@deepseek-ai/node-addon-system-darwin-arm64/-/node-addon-system-darwin-arm64-0.1.2.tgz",
      "integrity": "sha512-IR0cx8um19mLCZaJ+H5PLblKr6Eg3PWvVo8eTQBr/SwH2nh5tM9CD9/5fHweNS9Pjt15UdFlGqnvLSd/w+O6Rw==",
      "cpu": [
        "arm64"
      ],
      "dev": true,
      "license": "BSD-3-Clause",
      "optional": true,
      "os": [
        "darwin"
      ],
      "engines": {
        "node": ">=20"
      }
    },
    "node_modules/@deepseek-ai/node-addon-system-darwin-x64": {
      "version": "0.1.2",
      "resolved": "https://registry.npmjs.org/@deepseek-ai/node-addon-system-darwin-x64/-/node-addon-system-darwin-x64-0.1.2.tgz",
      "integrity": "sha512-XDbmquNapk9aT28y4EKn9lbONVr9YNs1NM/GKH1Gi5gUhjOT9wgRaTv72FJdNaVIInbPAYbPoyn7/y+MzQMNNg==",
      "cpu": [
        "x64"
      ],
      "dev": true,
      "license": "BSD-3-Clause",
      "optional": true,
      "os": [
        "darwin"
      ],
      "engines": {
        "node": ">=20"
      }
    },
    "node_modules/@deepseek-ai/node-addon-system-linux-arm64": {
      "version": "0.1.2",
      "resolved": "https://registry.npmjs.org/@deepseek-ai/node-addon-system-linux-arm64/-/node-addon-system-linux-arm64-0.1.2.tgz",
      "integrity": "sha512-Z/DQtqgEYzjBzb2ocHGjMzx51W7xDILkJKKj89nyErr8gZMNiLs+JNL1uKzJqc3VLZB+vYCPaHGyQ3oX6EzEmA==",
      "cpu": [
        "arm64"
      ],
      "dev": true,
      "license": "BSD-3-Clause",
      "optional": true,
      "os": [
        "linux"
      ],
      "engines": {
        "node": ">=20"
      }
    },
    "node_modules/@deepseek-ai/node-addon-system-linux-x64": {
      "version": "0.1.2",
      "resolved": "https://registry.npmjs.org/@deepseek-ai/node-addon-system-linux-x64/-/node-addon-system-linux-x64-0.1.2.tgz",
      "integrity": "sha512-S2aPVHvYCpNCppCFyNlooMYuTB7ucK5lvD9oXQQ42v5Z2s5AoaiCdjz9r2l+ED2rI5oS1x0cUZmKjJH2dxV0pg==",
      "cpu": [
        "x64"
      ],
      "dev": true,
      "license": "BSD-3-Clause",
      "optional": true,
      "os": [
        "linux"
      ],
      "engines": {
        "node": ">=20"
      }
    },
    "node_modules/@deepseek-ai/schemastery": {
      "version": "3.18.4",
      "resolved": "https://registry.npmjs.org/@deepseek-ai/schemastery/-/schemastery-3.18.4.tgz",
      "integrity": "sha512-SSXO6tYuyrIqKVbmOnIq0s+riUywYzouFMcnBluHF9n4KMo2G8HvEzhCYj6pj2617/glOjbJuVInJ9hfONsjkg==",
      "devOptional": true,
      "license": "MIT",
      "dependencies": {
        "@deepseek-ai/cosmokit": "~1.8.5",
        "@standard-schema/spec": "^1.1.0"
      }
    },
    "node_modules/@koromix/koffi-darwin-arm64": {
      "version": "3.1.1",
      "resolved": "https://registry.npmjs.org/@koromix/koffi-darwin-arm64/-/koffi-darwin-arm64-3.1.1.tgz",
      "integrity": "sha512-+Dl0zQDh1Wb55AWOn9hp7K30qgkODvrvN+ZNkFOh81Q0oFX/rpJQtocgjAuYk2zFAcajSeVDumkcHMPwnKSXzA==",
      "cpu": [
        "arm64"
      ],
      "dev": true,
      "license": "MIT",
      "optional": true,
      "os": [
        "darwin"
      ],
      "funding": {
        "url": "https://liberapay.com/Koromix"
      }
    },
    "node_modules/@koromix/koffi-darwin-x64": {
      "version": "3.1.1",
      "resolved": "https://registry.npmjs.org/@koromix/koffi-darwin-x64/-/koffi-darwin-x64-3.1.1.tgz",
      "integrity": "sha512-cDFAKn1qdZBFLrp7dAc9QUDw3l4xAhTJbOdPWWb0LxssVicUdHcRCLZGrDsmPW2tpH6LGNNeLgqRpAoD2Mo8iA==",
      "cpu": [
        "x64"
      ],
      "dev": true,
      "license": "MIT",
      "optional": true,
      "os": [
        "darwin"
      ],
      "funding": {
        "url": "https://liberapay.com/Koromix"
      }
    },
    "node_modules/@koromix/koffi-freebsd-arm64": {
      "version": "3.1.1",
      "resolved": "https://registry.npmjs.org/@koromix/koffi-freebsd-arm64/-/koffi-freebsd-arm64-3.1.1.tgz",
      "integrity": "sha512-zaP7FJISI/scQW9Wa5QicY3a09WmtKBWSbmC+5nfCqPzwWe7Hx2so74Er7mPsDfCiMMR0Ya+evKbJQDkfyXicg==",
      "cpu": [
        "arm64"
      ],
      "dev": true,
      "license": "MIT",
      "optional": true,
      "os": [
        "freebsd"
      ],
      "funding": {
        "url": "https://liberapay.com/Koromix"
      }
    },
    "node_modules/@koromix/koffi-freebsd-ia32": {
      "version": "3.1.1",
      "resolved": "https://registry.npmjs.org/@koromix/koffi-freebsd-ia32/-/koffi-freebsd-ia32-3.1.1.tgz",
      "integrity": "sha512-7GejVb688TLM8rbjfc0oezJrATxZc0dn801xWEDJekN2DgmRXu7HquGqWQ6z3NeSq7ZxEggz4T3xtlbCysQapA==",
      "cpu": [
        "ia32"
      ],
      "dev": true,
      "license": "MIT",
      "optional": true,
      "os": [
        "freebsd"
      ],
      "funding": {
        "url": "https://liberapay.com/Koromix"
      }
    },
    "node_modules/@koromix/koffi-freebsd-x64": {
      "version": "3.1.1",
      "resolved": "https://registry.npmjs.org/@koromix/koffi-freebsd-x64/-/koffi-freebsd-x64-3.1.1.tgz",
      "integrity": "sha512-XLiCFP9OFCyOoGTjAimtDKLhzhfo34WcP1ShVWxRzNCWDGjfz8BYjwd69cp/cDSUXZbxamqs4+/6vmkePq9wxA==",
      "cpu": [
        "x64"
      ],
      "dev": true,
      "license": "MIT",
      "optional": true,
      "os": [
        "freebsd"
      ],
      "funding": {
        "url": "https://liberapay.com/Koromix"
      }
    },
    "node_modules/@koromix/koffi-linux-arm64": {
      "version": "3.1.1",
      "resolved": "https://registry.npmjs.org/@koromix/koffi-linux-arm64/-/koffi-linux-arm64-3.1.1.tgz",
      "integrity": "sha512-HA9xINK7G4dRAkpfnBWD9VfuyIBgW1SuK+KPHjksUwRMOnhgqP8J/JqgrAzdzcDiefGBkqEacIP776OUwz7knQ==",
      "cpu": [
        "arm64"
      ],
      "dev": true,
      "license": "MIT",
      "optional": true,
      "os": [
        "linux"
      ],
      "funding": {
        "url": "https://liberapay.com/Koromix"
      }
    },
    "node_modules/@koromix/koffi-linux-ia32": {
      "version": "3.1.1",
      "resolved": "https://registry.npmjs.org/@koromix/koffi-linux-ia32/-/koffi-linux-ia32-3.1.1.tgz",
      "integrity": "sha512-jG7IFytmP8K5Qtbx0ro0ZeuX3JjSsLxmYhq+nmXDdrtOAlxIsWGynuiDLS6Jk3vOchVii2m6Y2f/L3GLG2fG5A==",
      "cpu": [
        "ia32"
      ],
      "dev": true,
      "license": "MIT",
      "optional": true,
      "os": [
        "linux"
      ],
      "funding": {
        "url": "https://liberapay.com/Koromix"
      }
    },
    "node_modules/@koromix/koffi-linux-loong64": {
      "version": "3.1.1",
      "resolved": "https://registry.npmjs.org/@koromix/koffi-linux-loong64/-/koffi-linux-loong64-3.1.1.tgz",
      "integrity": "sha512-CIsT1cNnih8FuU52Me/IVlJBpH28SQfoDeYPctJswgJzaARktusF7m4MUbtR1PBDjuquCVM4/vFyNdOzfPonvA==",
      "cpu": [
        "loong64"
      ],
      "dev": true,
      "license": "MIT",
      "optional": true,
      "os": [
        "linux"
      ],
      "funding": {
        "url": "https://liberapay.com/Koromix"
      }
    },
    "node_modules/@koromix/koffi-linux-riscv64": {
      "version": "3.1.1",
      "resolved": "https://registry.npmjs.org/@koromix/koffi-linux-riscv64/-/koffi-linux-riscv64-3.1.1.tgz",
      "integrity": "sha512-9D6RmqeKsSvs3U6jILJU9PcAjMwKKyn7yLxNBb5k6z9PCoUoGJ3/BrhXAX0qjrLLwEiIpP/hS/40RuXvH8Lc3Q==",
      "cpu": [
        "riscv64"
      ],
      "dev": true,
      "license": "MIT",
      "optional": true,
      "os": [
        "linux"
      ],
      "funding": {
        "url": "https://liberapay.com/Koromix"
      }
    },
    "node_modules/@koromix/koffi-linux-x64": {
      "version": "3.1.1",
      "resolved": "https://registry.npmjs.org/@koromix/koffi-linux-x64/-/koffi-linux-x64-3.1.1.tgz",
      "integrity": "sha512-pyTcX5fePeYbt7TZAwRby69wdlRx3PT+g15ra5IYdat/Pgh3qAKEYeZ+uu7WpPGOy43p/oSRqqZoa2kORzozlA==",
      "cpu": [
        "x64"
      ],
      "dev": true,
      "license": "MIT",
      "optional": true,
      "os": [
        "linux"
      ],
      "funding": {
        "url": "https://liberapay.com/Koromix"
      }
    },
    "node_modules/@koromix/koffi-openbsd-ia32": {
      "version": "3.1.1",
      "resolved": "https://registry.npmjs.org/@koromix/koffi-openbsd-ia32/-/koffi-openbsd-ia32-3.1.1.tgz",
      "integrity": "sha512-iPnPzvG2HOfdzaiG1drdkt86sAqmTPDv9mAf+5gL7mRzkeeQC88EVGboRy7eXwdXn7R+v0ntA3iQxdHrBn6yXw==",
      "cpu": [
        "ia32"
      ],
      "dev": true,
      "license": "MIT",
      "optional": true,
      "os": [
        "openbsd"
      ],
      "funding": {
        "url": "https://liberapay.com/Koromix"
      }
    },
    "node_modules/@koromix/koffi-openbsd-x64": {
      "version": "3.1.1",
      "resolved": "https://registry.npmjs.org/@koromix/koffi-openbsd-x64/-/koffi-openbsd-x64-3.1.1.tgz",
      "integrity": "sha512-/Xqc3R0SVoMCYjMPZnJ9bULtRo364+dKmnQhfDrI83tSpxUHRw7HRNf12vBeL+hPgKxSBjtMpWfQ/ZIyVyLFag==",
      "cpu": [
        "x64"
      ],
      "dev": true,
      "license": "MIT",
      "optional": true,
      "os": [
        "openbsd"
      ],
      "funding": {
        "url": "https://liberapay.com/Koromix"
      }
    },
    "node_modules/@koromix/koffi-win32-arm64": {
      "version": "3.1.1",
      "resolved": "https://registry.npmjs.org/@koromix/koffi-win32-arm64/-/koffi-win32-arm64-3.1.1.tgz",
      "integrity": "sha512-JhqHauEwQvdcWUERxrV5HH/DT9W7hY1A1eU6/o8tB+yck+D3kt5elpRDBt9KjpW6h+vHPy3V0sjDvO0CXyabTA==",
      "cpu": [
        "arm64"
      ],
      "dev": true,
      "license": "MIT",
      "optional": true,
      "os": [
        "win32"
      ],
      "funding": {
        "url": "https://liberapay.com/Koromix"
      }
    },
    "node_modules/@koromix/koffi-win32-ia32": {
      "version": "3.1.1",
      "resolved": "https://registry.npmjs.org/@koromix/koffi-win32-ia32/-/koffi-win32-ia32-3.1.1.tgz",
      "integrity": "sha512-ZRuyYmlGS/rCc966qqs0qREXDW4FRdul7rDF1VgSWHbVmdc196PUgUT+blq/GjZgTwqzeEXtMRgM+cU8krHjvA==",
      "cpu": [
        "ia32"
      ],
      "dev": true,
      "license": "MIT",
      "optional": true,
      "os": [
        "win32"
      ],
      "funding": {
        "url": "https://liberapay.com/Koromix"
      }
    },
    "node_modules/@koromix/koffi-win32-x64": {
      "version": "3.1.1",
      "resolved": "https://registry.npmjs.org/@koromix/koffi-win32-x64/-/koffi-win32-x64-3.1.1.tgz",
      "integrity": "sha512-KqHPmvj6QILhNyI/To8QSihHsijeVGIYYPBOUnXEpcnH2LuLbargY4Hd6dDeTN3Z90uUUxN+1FWz1UnhVzFOiA==",
      "cpu": [
        "x64"
      ],
      "dev": true,
      "license": "MIT",
      "optional": true,
      "os": [
        "win32"
      ],
      "funding": {
        "url": "https://liberapay.com/Koromix"
      }
    },
    "node_modules/@standard-schema/spec": {
      "version": "1.1.0",
      "resolved": "https://registry.npmjs.org/@standard-schema/spec/-/spec-1.1.0.tgz",
      "integrity": "sha512-l2aFy5jALhniG5HgqrD6jXLi/rUWrKvqN/qJx6yoJsgKhblVd+iqqU4RCXavm/jPityDo5TCvKMnpjKnOriy0w==",
      "devOptional": true,
      "license": "MIT"
    },
    "node_modules/argparse": {
      "version": "2.0.1",
      "resolved": "https://registry.npmjs.org/argparse/-/argparse-2.0.1.tgz",
      "integrity": "sha512-8+9WqebbFzpX9OR+Wa6O29asIogeRMzcGtAINdpMHHyAg10f05aSFVBbcEqGf/PXw1EjAZ+q2/bEBg3DvurK3Q==",
      "dev": true,
      "license": "Python-2.0"
    },
    "node_modules/js-yaml": {
      "version": "4.3.2",
      "resolved": "https://registry.npmjs.org/js-yaml/-/js-yaml-4.3.2.tgz",
      "integrity": "sha512-SFNOvSJ+Dgf/9An904Yx+CgSlIPCkIpao4qo51lpee25TIRejdH3rhR4EZMGoNx3/TP3O+wzWuiTFl4sqbltzA==",
      "dev": true,
      "funding": [
        {
          "type": "github",
          "url": "https://github.com/sponsors/puzrin"
        },
        {
          "type": "github",
          "url": "https://github.com/sponsors/nodeca"
        }
      ],
      "license": "MIT",
      "dependencies": {
        "argparse": "^2.0.1"
      },
      "bin": {
        "js-yaml": "bin/js-yaml.js"
      }
    },
    "node_modules/koffi": {
      "version": "3.1.1",
      "resolved": "https://registry.npmjs.org/koffi/-/koffi-3.1.1.tgz",
      "integrity": "sha512-mRX6AMeeKCxSOeOopqAcLAl5jcNvge7NAG8l7rF/8gGJATI0tdHFYjteIdE0mGOtWdsrJOij+PjnP8Q9c1gwgA==",
      "dev": true,
      "hasInstallScript": true,
      "license": "MIT",
      "funding": {
        "url": "https://liberapay.com/Koromix"
      },
      "optionalDependencies": {
        "@koromix/koffi-darwin-arm64": "3.1.1",
        "@koromix/koffi-darwin-x64": "3.1.1",
        "@koromix/koffi-freebsd-arm64": "3.1.1",
        "@koromix/koffi-freebsd-ia32": "3.1.1",
        "@koromix/koffi-freebsd-x64": "3.1.1",
        "@koromix/koffi-linux-arm64": "3.1.1",
        "@koromix/koffi-linux-ia32": "3.1.1",
        "@koromix/koffi-linux-loong64": "3.1.1",
        "@koromix/koffi-linux-riscv64": "3.1.1",
        "@koromix/koffi-linux-x64": "3.1.1",
        "@koromix/koffi-openbsd-ia32": "3.1.1",
        "@koromix/koffi-openbsd-x64": "3.1.1",
        "@koromix/koffi-win32-arm64": "3.1.1",
        "@koromix/koffi-win32-ia32": "3.1.1",
        "@koromix/koffi-win32-x64": "3.1.1"
      }
    },
    "node_modules/node-addon-api": {
      "version": "7.1.1",
      "resolved": "https://registry.npmjs.org/node-addon-api/-/node-addon-api-7.1.1.tgz",
      "integrity": "sha512-5m3bsyrjFWE1xf7nz7YXdN4udnVtXK6/Yfgn5qnahL6bCkf2yKt4k3nuTKAtT4r3IG8JNR2ncsIMdZuAzJjHQQ==",
      "dev": true,
      "license": "MIT"
    },
    "node_modules/node-pty": {
      "version": "1.2.0-beta.15",
      "resolved": "https://registry.npmjs.org/node-pty/-/node-pty-1.2.0-beta.15.tgz",
      "integrity": "sha512-vORSzHXi4Ofl7HemVWpuudLqCPdaQb4LfpRCUpE5HPxhp4JYscl8zZwxh11p26v2wvW24WMwnMfLjhRLixrfxA==",
      "dev": true,
      "hasInstallScript": true,
      "license": "MIT",
      "dependencies": {
        "node-addon-api": "^7.1.0"
      }
    },
    "node_modules/undici": {
      "version": "8.11.2",
      "resolved": "https://registry.npmjs.org/undici/-/undici-8.11.2.tgz",
      "integrity": "sha512-u4UB2/IrKdU6lFxumHmmo1a3fCQO5tzQllRorfoRS63txhrB7xTpSn1PftwC4qEHkOaqP95fCWW4lJzwErwzhQ==",
      "devOptional": true,
      "license": "MIT",
      "peer": true,
      "engines": {
        "node": ">=22.19.0"
      }
    },
    "node_modules/yaml": {
      "version": "2.9.1",
      "resolved": "https://registry.npmjs.org/yaml/-/yaml-2.9.1.tgz",
      "integrity": "sha512-3NxN8+78OdzbT7C/WjGsyfPAtJaN3FNDsWxv7Y7mcDsT/oOmgW8BpyQQFFBnvZE3j9Y2Sdz1ULFLezL7Eb2yFw==",
      "dev": true,
      "license": "ISC",
      "bin": {
        "yaml": "bin.mjs"
      },
      "engines": {
        "node": ">= 14.6"
      },
      "funding": {
        "url": "https://github.com/sponsors/eemeli"
      }
    },
    "node_modules/zod": {
      "version": "4.6.5",
      "resolved": "https://registry.npmjs.org/zod/-/zod-4.6.5.tgz",
      "integrity": "sha512-v5l/aFXZQeai4awLbOpSoHecE9UiMrnfx75tEXLjNonXVARxQ5mOeipTjROUchszUNCqnE+hqAMujRsRHsut2Q==",
      "devOptional": true,
      "license": "MIT",
      "funding": {
        "url": "https://github.com/sponsors/colinhacks"
      }
    }
  }
}
